// !$*UTF8*$!
{
	archiveVersion = 1;
	classes = {
	};
	objectVersion = 56;
	objects = {

/* Begin PBXBuildFile section */
		233873832B27C87500736A45 /* Olive_TreeApp.swift in Sources */ = {isa = PBXBuildFile; fileRef = 233873822B27C87500736A45 /* Olive_TreeApp.swift */; };
		233873852B27C87500736A45 /* ContentView.swift in Sources */ = {isa = PBXBuildFile; fileRef = 233873842B27C87500736A45 /* ContentView.swift */; };
		233873872B27C87700736A45 /* Assets.xcassets in Resources */ = {isa = PBXBuildFile; fileRef = 233873862B27C87700736A45 /* Assets.xcassets */; };
		2338738A2B27C87700736A45 /* Preview Assets.xcassets in Resources */ = {isa = PBXBuildFile; fileRef = 233873892B27C87700736A45 /* Preview Assets.xcassets */; };
		233873942B27C87700736A45 /* Olive_TreeTests.swift in Sources */ = {isa = PBXBuildFile; fileRef = 233873932B27C87700736A45 /* Olive_TreeTests.swift */; };
		2338739E2B27C87700736A45 /* Olive_TreeUITests.swift in Sources */ = {isa = PBXBuildFile; fileRef = 2338739D2B27C87700736A45 /* Olive_TreeUITests.swift */; };
		233873A02B27C87700736A45 /* Olive_TreeUITestsLaunchTests.swift in Sources */ = {isa = PBXBuildFile; fileRef = 2338739F2B27C87700736A45 /* Olive_TreeUITestsLaunchTests.swift */; };
		233873AD2B27C8F600736A45 /* MainScreen.swift in Sources */ = {isa = PBXBuildFile; fileRef = 233873AC2B27C8F600736A45 /* MainScreen.swift */; };
		233873AF2B27C90F00736A45 /* GrowthScreen.swift in Sources */ = {isa = PBXBuildFile; fileRef = 233873AE2B27C90F00736A45 /* GrowthScreen.swift */; };
		233873B12B27C94D00736A45 /* PlantGrowthViewModel.swift in Sources */ = {isa = PBXBuildFile; fileRef = 233873B02B27C94D00736A45 /* PlantGrowthViewModel.swift */; };
/* End PBXBuildFile section */

/* Begin PBXContainerItemProxy section */
		233873902B27C87700736A45 /* PBXContainerItemProxy */ = {
			isa = PBXContainerItemProxy;
			containerPortal = 233873772B27C87500736A45 /* Project object */;
			proxyType = 1;
			remoteGlobalIDString = 2338737E2B27C87500736A45;
			remoteInfo = "Olive Tree";
		};
		2338739A2B27C87700736A45 /* PBXContainerItemProxy */ = {
			isa = PBXContainerItemProxy;
			containerPortal = 233873772B27C87500736A45 /* Project object */;
			proxyType = 1;
			remoteGlobalIDString = 2338737E2B27C87500736A45;
			remoteInfo = "Olive Tree";
		};
/* End PBXContainerItemProxy section */

/* Begin PBXFileReference section */
		2338737F2B27C87500736A45 /* Olive Tree.app */ = {isa = PBXFileReference; explicitFileType = wrapper.application; includeInIndex = 0; path = "Olive Tree.app"; sourceTree = BUILT_PRODUCTS_DIR; };
		233873822B27C87500736A45 /* Olive_TreeApp.swift */ = {isa = PBXFileReference; lastKnownFileType = sourcecode.swift; path = Olive_TreeApp.swift; sourceTree = "<group>"; };
		233873842B27C87500736A45 /* ContentView.swift */ = {isa = PBXFileReference; lastKnownFileType = sourcecode.swift; path = ContentView.swift; sourceTree = "<group>"; };
		233873862B27C87700736A45 /* Assets.xcassets */ = {isa = PBXFileReference; lastKnownFileType = folder.assetcatalog; path = Assets.xcassets; sourceTree = "<group>"; };
		233873892B27C87700736A45 /* Preview Assets.xcassets */ = {isa = PBXFileReference; lastKnownFileType = folder.assetcatalog; path = "Preview Assets.xcassets"; sourceTree = "<group>"; };
		2338738F2B27C87700736A45 /* Olive TreeTests.xctest */ = {isa = PBXFileReference; explicitFileType = wrapper.cfbundle; includeInIndex = 0; path = "Olive TreeTests.xctest"; sourceTree = BUILT_PRODUCTS_DIR; };
		233873932B27C87700736A45 /* Olive_TreeTests.swift */ = {isa = PBXFileReference; lastKnownFileType = sourcecode.swift; path = Olive_TreeTests.swift; sourceTree = "<group>"; };
		233873992B27C87700736A45 /* Olive TreeUITests.xctest */ = {isa = PBXFileReference; explicitFileType = wrapper.cfbundle; includeInIndex = 0; path = "Olive TreeUITests.xctest"; sourceTree = BUILT_PRODUCTS_DIR; };
		2338739D2B27C87700736A45 /* Olive_TreeUITests.swift */ = {isa = PBXFileReference; lastKnownFileType = sourcecode.swift; path = Olive_TreeUITests.swift; sourceTree = "<group>"; };
		2338739F2B27C87700736A45 /* Olive_TreeUITestsLaunchTests.swift */ = {isa = PBXFileReference; lastKnownFileType = sourcecode.swift; path = Olive_TreeUITestsLaunchTests.swift; sourceTree = "<group>"; };
		233873AC2B27C8F600736A45 /* MainScreen.swift */ = {isa = PBXFileReference; lastKnownFileType = sourcecode.swift; path = MainScreen.swift; sourceTree = "<group>"; };
		233873AE2B27C90F00736A45 /* GrowthScreen.swift */ = {isa = PBXFileReference; lastKnownFileType = sourcecode.swift; path = GrowthScreen.swift; sourceTree = "<group>"; };
		233873B02B27C94D00736A45 /* PlantGrowthViewModel.swift */ = {isa = PBXFileReference; lastKnownFileType = sourcecode.swift; path = PlantGrowthViewModel.swift; sourceTree = "<group>"; };
/* End PBXFileReference section */

/* Begin PBXFrameworksBuildPhase section */
		2338737C2B27C87500736A45 /* Frameworks */ = {
			isa = PBXFrameworksBuildPhase;
			buildActionMask = 2147483647;
			files = (
			);
			runOnlyForDeploymentPostprocessing = 0;
		};
		2338738C2B27C87700736A45 /* Frameworks */ = {
			isa = PBXFrameworksBuildPhase;
			buildActionMask = 2147483647;
			files = (
			);
			runOnlyForDeploymentPostprocessing = 0;
		};
		233873962B27C87700736A45 /* Frameworks */ = {
			isa = PBXFrameworksBuildPhase;
			buildActionMask = 2147483647;
			files = (
			);
			runOnlyForDeploymentPostprocessing = 0;
		};
/* End PBXFrameworksBuildPhase section */

/* Begin PBXGroup section */
		233873762B27C87500736A45 = {
			isa = PBXGroup;
			children = (
				233873812B27C87500736A45 /* Olive Tree */,
				233873922B27C87700736A45 /* Olive TreeTests */,
				2338739C2B27C87700736A45 /* Olive TreeUITests */,
				233873802B27C87500736A45 /* Products */,
			);
			sourceTree = "<group>";
		};
		233873802B27C87500736A45 /* Products */ = {
			isa = PBXGroup;
			children = (
				2338737F2B27C87500736A45 /* Olive Tree.app */,
				2338738F2B27C87700736A45 /* Olive TreeTests.xctest */,
				233873992B27C87700736A45 /* Olive TreeUITests.xctest */,
			);
			name = Products;
			sourceTree = "<group>";
		};
		233873812B27C87500736A45 /* Olive Tree */ = {
			isa = PBXGroup;
			children = (
				233873AE2B27C90F00736A45 /* GrowthScreen.swift */,
				233873B02B27C94D00736A45 /* PlantGrowthViewModel.swift */,
				233873AC2B27C8F600736A45 /* MainScreen.swift */,
				233873822B27C87500736A45 /* Olive_TreeApp.swift */,
				233873842B27C87500736A45 /* ContentView.swift */,
				233873862B27C87700736A45 /* Assets.xcassets */,
				233873882B27C87700736A45 /* Preview Content */,
			);
			path = "Olive Tree";
			sourceTree = "<group>";
		};
		233873882B27C87700736A45 /* Preview Content */ = {
			isa = PBXGroup;
			children = (
				233873892B27C87700736A45 /* Preview Assets.xcassets */,
			);
			path = "Preview Content";
			sourceTree = "<group>";
		};
		233873922B27C87700736A45 /* Olive TreeTests */ = {
			isa = PBXGroup;
			children = (
				233873932B27C87700736A45 /* Olive_TreeTests.swift */,
			);
			path = "Olive TreeTests";
			sourceTree = "<group>";
		};
		2338739C2B27C87700736A45 /* Olive TreeUITests */ = {
			isa = PBXGroup;
			children = (
				2338739D2B27C87700736A45 /* Olive_TreeUITests.swift */,
				2338739F2B27C87700736A45 /* Olive_TreeUITestsLaunchTests.swift */,
			);
			path = "Olive TreeUITests";
			sourceTree = "<group>";
		};
/* End PBXGroup section */

/* Begin PBXNativeTarget section */
		2338737E2B27C87500736A45 /* Olive Tree */ = {
			isa = PBXNativeTarget;
			buildConfigurationList = 233873A32B27C87700736A45 /* Build configuration list for PBXNativeTarget "Olive Tree" */;
			buildPhases = (
				2338737B2B27C87500736A45 /* Sources */,
				2338737C2B27C87500736A45 /* Frameworks */,
				2338737D2B27C87500736A45 /* Resources */,
			);
			buildRules = (
			);
			dependencies = (
			);
			name = "Olive Tree";
			productName = "Olive Tree";
			productReference = 2338737F2B27C87500736A45 /* Olive Tree.app */;
			productType = "com.apple.product-type.application";
		};
		2338738E2B27C87700736A45 /* Olive TreeTests */ = {
			isa = PBXNativeTarget;
			buildConfigurationList = 233873A62B27C87700736A45 /* Build configuration list for PBXNativeTarget "Olive TreeTests" */;
			buildPhases = (
				2338738B2B27C87700736A45 /* Sources */,
				2338738C2B27C87700736A45 /* Frameworks */,
				2338738D2B27C87700736A45 /* Resources */,
			);
			buildRules = (
			);
			dependencies = (
				233873912B27C87700736A45 /* PBXTargetDependency */,
			);
			name = "Olive TreeTests";
			productName = "Olive TreeTests";
			productReference = 2338738F2B27C87700736A45 /* Olive TreeTests.xctest */;
			productType = "com.apple.product-type.bundle.unit-test";
		};
		233873982B27C87700736A45 /* Olive TreeUITests */ = {
			isa = PBXNativeTarget;
			buildConfigurationList = 233873A92B27C87700736A45 /* Build configuration list for PBXNativeTarget "Olive TreeUITests" */;
			buildPhases = (
				233873952B27C87700736A45 /* Sources */,
				233873962B27C87700736A45 /* Frameworks */,
				233873972B27C87700736A45 /* Resources */,
			);
			buildRules = (
			);
			dependencies = (
				2338739B2B27C87700736A45 /* PBXTargetDependency */,
			);
			name = "Olive TreeUITests";
			productName = "Olive TreeUITests";
			productReference = 233873992B27C87700736A45 /* Olive TreeUITests.xctest */;
			productType = "com.apple.product-type.bundle.ui-testing";
		};
/* End PBXNativeTarget section */

/* Begin PBXProject section */
		233873772B27C87500736A45 /* Project object */ = {
			isa = PBXProject;
			attributes = {
				BuildIndependentTargetsInParallel = 1;
				LastSwiftUpdateCheck = 1500;
				LastUpgradeCheck = 1500;
				TargetAttributes = {
					2338737E2B27C87500736A45 = {
						CreatedOnToolsVersion = 15.0.1;
					};
					2338738E2B27C87700736A45 = {
						CreatedOnToolsVersion = 15.0.1;
						TestTargetID = 2338737E2B27C87500736A45;
					};
					233873982B27C87700736A45 = {
						CreatedOnToolsVersion = 15.0.1;
						TestTargetID = 2338737E2B27C87500736A45;
					};
				};
			};
			buildConfigurationList = 2338737A2B27C87500736A45 /* Build configuration list for PBXProject "Olive Tree" */;
			compatibilityVersion = "Xcode 14.0";
			developmentRegion = en;
			hasScannedForEncodings = 0;
			knownRegions = (
				en,
				Base,
			);
			mainGroup = 233873762B27C87500736A45;
			productRefGroup = 233873802B27C87500736A45 /* Products */;
			projectDirPath = "";
			projectRoot = "";
			targets = (
				2338737E2B27C87500736A45 /* Olive Tree */,
				2338738E2B27C87700736A45 /* Olive TreeTests */,
				233873982B27C87700736A45 /* Olive TreeUITests */,
			);
		};
/* End PBXProject section */

/* Begin PBXResourcesBuildPhase section */
		2338737D2B27C87500736A45 /* Resources */ = {
			isa = PBXResourcesBuildPhase;
			buildActionMask = 2147483647;
			files = (
				2338738A2B27C87700736A45 /* Preview Assets.xcassets in Resources */,
				233873872B27C87700736A45 /* Assets.xcassets in Resources */,
			);
			runOnlyForDeploymentPostprocessing = 0;
		};
		2338738D2B27C87700736A45 /* Resources */ = {
			isa = PBXResourcesBuildPhase;
			buildActionMask = 2147483647;
			files = (
			);
			runOnlyForDeploymentPostprocessing = 0;
		};
		233873972B27C87700736A45 /* Resources */ = {
			isa = PBXResourcesBuildPhase;
			buildActionMask = 2147483647;
			files = (
			);
			runOnlyForDeploymentPostprocessing = 0;
		};
/* End PBXResourcesBuildPhase section */

/* Begin PBXSourcesBuildPhase section */
		2338737B2B27C87500736A45 /* Sources */ = {
			isa = PBXSourcesBuildPhase;
			buildActionMask = 2147483647;
			files = (
				233873AF2B27C90F00736A45 /* GrowthScreen.swift in Sources */,
				233873AD2B27C8F600736A45 /* MainScreen.swift in Sources */,
				233873852B27C87500736A45 /* ContentView.swift in Sources */,
				233873832B27C87500736A45 /* Olive_TreeApp.swift in Sources */,
				233873B12B27C94D00736A45 /* PlantGrowthViewModel.swift in Sources */,
			);
			runOnlyForDeploymentPostprocessing = 0;
		};
		2338738B2B27C87700736A45 /* Sources */ = {
			isa = PBXSourcesBuildPhase;
			buildActionMask = 2147483647;
			files = (
				233873942B27C87700736A45 /* Olive_TreeTests.swift in Sources */,
			);
			runOnlyForDeploymentPostprocessing = 0;
		};
		233873952B27C87700736A45 /* Sources */ = {
			isa = PBXSourcesBuildPhase;
			buildActionMask = 2147483647;
			files = (
				233873A02B27C87700736A45 /* Olive_TreeUITestsLaunchTests.swift in Sources */,
				2338739E2B27C87700736A45 /* Olive_TreeUITests.swift in Sources */,
			);
			runOnlyForDeploymentPostprocessing = 0;
		};
/* End PBXSourcesBuildPhase section */

/* Begin PBXTargetDependency section */
		233873912B27C87700736A45 /* PBXTargetDependency */ = {
			isa = PBXTargetDependency;
			target = 2338737E2B27C87500736A45 /* Olive Tree */;
			targetProxy = 233873902B27C87700736A45 /* PBXContainerItemProxy */;
		};
		2338739B2B27C87700736A45 /* PBXTargetDependency */ = {
			isa = PBXTargetDependency;
			target = 2338737E2B27C87500736A45 /* Olive Tree */;
			targetProxy = 2338739A2B27C87700736A45 /* PBXContainerItemProxy */;
		};
/* End PBXTargetDependency section */

/* Begin XCBuildConfiguration section */
		233873A12B27C87700736A45 /* Debug */ = {
			isa = XCBuildConfiguration;
			buildSettings = {
				ALWAYS_SEARCH_USER_PATHS = NO;
				ASSETCATALOG_COMPILER_GENERATE_SWIFT_ASSET_SYMBOL_EXTENSIONS = YES;
				CLANG_ANALYZER_NONNULL = YES;
				CLANG_ANALYZER_NUMBER_OBJECT_CONVERSION = YES_AGGRESSIVE;
				CLANG_CXX_LANGUAGE_STANDARD = "gnu++20";
				CLANG_ENABLE_MODULES = YES;
				CLANG_ENABLE_OBJC_ARC = YES;
				CLANG_ENABLE_OBJC_WEAK = YES;
				CLANG_WARN_BLOCK_CAPTURE_AUTORELEASING = YES;
				CLANG_WARN_BOOL_CONVERSION = YES;
				CLANG_WARN_COMMA = YES;
				CLANG_WARN_CONSTANT_CONVERSION = YES;
				CLANG_WARN_DEPRECATED_OBJC_IMPLEMENTATIONS = YES;
				CLANG_WARN_DIRECT_OBJC_ISA_USAGE = YES_ERROR;
				CLANG_WARN_DOCUMENTATION_COMMENTS = YES;
				CLANG_WARN_EMPTY_BODY = YES;
				CLANG_WARN_ENUM_CONVERSION = YES;
				CLANG_WARN_INFINITE_RECURSION = YES;
				CLANG_WARN_INT_CONVERSION = YES;
				CLANG_WARN_NON_LITERAL_NULL_CONVERSION = YES;
				CLANG_WARN_OBJC_IMPLICIT_RETAIN_SELF = YES;
				CLANG_WARN_OBJC_LITERAL_CONVERSION = YES;
				CLANG_WARN_OBJC_ROOT_CLASS = YES_ERROR;
				CLANG_WARN_QUOTED_INCLUDE_IN_FRAMEWORK_HEADER = YES;
				CLANG_WARN_RANGE_LOOP_ANALYSIS = YES;
				CLANG_WARN_STRICT_PROTOTYPES = YES;
				CLANG_WARN_SUSPICIOUS_MOVE = YES;
				CLANG_WARN_UNGUARDED_AVAILABILITY = YES_AGGRESSIVE;
				CLANG_WARN_UNREACHABLE_CODE = YES;
				CLANG_WARN__DUPLICATE_METHOD_MATCH = YES;
				COPY_PHASE_STRIP = NO;
				DEBUG_INFORMATION_FORMAT = dwarf;
				ENABLE_STRICT_OBJC_MSGSEND = YES;
				ENABLE_TESTABILITY = YES;
				ENABLE_USER_SCRIPT_SANDBOXING = YES;
				GCC_C_LANGUAGE_STANDARD = gnu17;
				GCC_DYNAMIC_NO_PIC = NO;
				GCC_NO_COMMON_BLOCKS = YES;
				GCC_OPTIMIZATION_LEVEL = 0;
				GCC_PREPROCESSOR_DEFINITIONS = (
					"DEBUG=1",
					"$(inherited)",
				);
				GCC_WARN_64_TO_32_BIT_CONVERSION = YES;
				GCC_WARN_ABOUT_RETURN_TYPE = YES_ERROR;
				GCC_WARN_UNDECLARED_SELECTOR = YES;
				GCC_WARN_UNINITIALIZED_AUTOS = YES_AGGRESSIVE;
				GCC_WARN_UNUSED_FUNCTION = YES;
				GCC_WARN_UNUSED_VARIABLE = YES;
				IPHONEOS_DEPLOYMENT_TARGET = 17.0;
				LOCALIZATION_PREFERS_STRING_CATALOGS = YES;
				MTL_ENABLE_DEBUG_INFO = INCLUDE_SOURCE;
				MTL_FAST_MATH = YES;
				ONLY_ACTIVE_ARCH = YES;
				SDKROOT = iphoneos;
				SWIFT_ACTIVE_COMPILATION_CONDITIONS = "DEBUG $(inherited)";
				SWIFT_OPTIMIZATION_LEVEL = "-Onone";
			};
			name = Debug;
		};
		233873A22B27C87700736A45 /* Release */ = {
			isa = XCBuildConfiguration;
			buildSettings = {
				ALWAYS_SEARCH_USER_PATHS = NO;
				ASSETCATALOG_COMPILER_GENERATE_SWIFT_ASSET_SYMBOL_EXTENSIONS = YES;
				CLANG_ANALYZER_NONNULL = YES;
				CLANG_ANALYZER_NUMBER_OBJECT_CONVERSION = YES_AGGRESSIVE;
				CLANG_CXX_LANGUAGE_STANDARD = "gnu++20";
				CLANG_ENABLE_MODULES = YES;
				CLANG_ENABLE_OBJC_ARC = YES;
				CLANG_ENABLE_OBJC_WEAK = YES;
				CLANG_WARN_BLOCK_CAPTURE_AUTORELEASING = YES;
				CLANG_WARN_BOOL_CONVERSION = YES;
				CLANG_WARN_COMMA = YES;
				CLANG_WARN_CONSTANT_CONVERSION = YES;
				CLANG_WARN_DEPRECATED_OBJC_IMPLEMENTATIONS = YES;
				CLANG_WARN_DIRECT_OBJC_ISA_USAGE = YES_ERROR;
				CLANG_WARN_DOCUMENTATION_COMMENTS = YES;
				CLANG_WARN_EMPTY_BODY = YES;
				CLANG_WARN_ENUM_CONVERSION = YES;
				CLANG_WARN_INFINITE_RECURSION = YES;
				CLANG_WARN_INT_CONVERSION = YES;
				CLANG_WARN_NON_LITERAL_NULL_CONVERSION = YES;
				CLANG_WARN_OBJC_IMPLICIT_RETAIN_SELF = YES;
				CLANG_WARN_OBJC_LITERAL_CONVERSION = YES;
				CLANG_WARN_OBJC_ROOT_CLASS = YES_ERROR;
				CLANG_WARN_QUOTED_INCLUDE_IN_FRAMEWORK_HEADER = YES;
				CLANG_WARN_RANGE_LOOP_ANALYSIS = YES;
				CLANG_WARN_STRICT_PROTOTYPES = YES;
				CLANG_WARN_SUSPICIOUS_MOVE = YES;
				CLANG_WARN_UNGUARDED_AVAILABILITY = YES_AGGRESSIVE;
				CLANG_WARN_UNREACHABLE_CODE = YES;
				CLANG_WARN__DUPLICATE_METHOD_MATCH = YES;
				COPY_PHASE_STRIP = NO;
				DEBUG_INFORMATION_FORMAT = "dwarf-with-dsym";
				ENABLE_NS_ASSERTIONS = NO;
				ENABLE_STRICT_OBJC_MSGSEND = YES;
				ENABLE_USER_SCRIPT_SANDBOXING = YES;
				GCC_C_LANGUAGE_STANDARD = gnu17;
				GCC_NO_COMMON_BLOCKS = YES;
				GCC_WARN_64_TO_32_BIT_CONVERSION = YES;
				GCC_WARN_ABOUT_RETURN_TYPE = YES_ERROR;
				GCC_WARN_UNDECLARED_SELECTOR = YES;
				GCC_WARN_UNINITIALIZED_AUTOS = YES_AGGRESSIVE;
				GCC_WARN_UNUSED_FUNCTION = YES;
				GCC_WARN_UNUSED_VARIABLE = YES;
				IPHONEOS_DEPLOYMENT_TARGET = 17.0;
				LOCALIZATION_PREFERS_STRING_CATALOGS = YES;
				MTL_ENABLE_DEBUG_INFO = NO;
				MTL_FAST_MATH = YES;
				SDKROOT = iphoneos;
				SWIFT_COMPILATION_MODE = wholemodule;
				VALIDATE_PRODUCT = YES;
			};
			name = Release;
		};
		233873A42B27C87700736A45 /* Debug */ = {
			isa = XCBuildConfiguration;
			buildSettings = {
				ASSETCATALOG_COMPILER_APPICON_NAME = AppIcon;
				ASSETCATALOG_COMPILER_GLOBAL_ACCENT_COLOR_NAME = AccentColor;
				CODE_SIGN_STYLE = Automatic;
				CURRENT_PROJECT_VERSION = 1;
				DEVELOPMENT_ASSET_PATHS = "\"Olive Tree/Preview Content\"";
				ENABLE_PREVIEWS = YES;
				GENERATE_INFOPLIST_FILE = YES;
				INFOPLIST_KEY_UIApplicationSceneManifest_Generation = YES;
				INFOPLIST_KEY_UIApplicationSupportsIndirectInputEvents = YES;
				INFOPLIST_KEY_UILaunchScreen_Generation = YES;
				INFOPLIST_KEY_UISupportedInterfaceOrientations_iPad = "UIInterfaceOrientationPortrait UIInterfaceOrientationPortraitUpsideDown UIInterfaceOrientationLandscapeLeft UIInterfaceOrientationLandscapeRight";
				INFOPLIST_KEY_UISupportedInterfaceOrientations_iPhone = "UIInterfaceOrientationPortrait UIInterfaceOrientationLandscapeLeft UIInterfaceOrientationLandscapeRight";
				LD_RUNPATH_SEARCH_PATHS = (
					"$(inherited)",
					"@executable_path/Frameworks",
				);
				MARKETING_VERSION = 1.0;
				PRODUCT_BUNDLE_IDENTIFIER = "webview.Olive-Tree";
				PRODUCT_NAME = "$(TARGET_NAME)";
				SWIFT_EMIT_LOC_STRINGS = YES;
				SWIFT_VERSION = 5.0;
				TARGETED_DEVICE_FAMILY = "1,2";
			};
			name = Debug;
		};
		233873A52B27C87700736A45 /* Release */ = {
			isa = XCBuildConfiguration;
			buildSettings = {
				ASSETCATALOG_COMPILER_APPICON_NAME = AppIcon;
				ASSETCATALOG_COMPILER_GLOBAL_ACCENT_COLOR_NAME = AccentColor;
				CODE_SIGN_STYLE = Automatic;
				CURRENT_PROJECT_VERSION = 1;
				DEVELOPMENT_ASSET_PATHS = "\"Olive Tree/Preview Content\"";
				ENABLE_PREVIEWS = YES;
				GENERATE_INFOPLIST_FILE = YES;
				INFOPLIST_KEY_UIApplicationSceneManifest_Generation = YES;
				INFOPLIST_KEY_UIApplicationSupportsIndirectInputEvents = YES;
				INFOPLIST_KEY_UILaunchScreen_Generation = YES;
				INFOPLIST_KEY_UISupportedInterfaceOrientations_iPad = "UIInterfaceOrientationPortrait UIInterfaceOrientationPortraitUpsideDown UIInterfaceOrientationLandscapeLeft UIInterfaceOrientationLandscapeRight";
				INFOPLIST_KEY_UISupportedInterfaceOrientations_iPhone = "UIInterfaceOrientationPortrait UIInterfaceOrientationLandscapeLeft UIInterfaceOrientationLandscapeRight";
				LD_RUNPATH_SEARCH_PATHS = (
					"$(inherited)",
					"@executable_path/Frameworks",
				);
				MARKETING_VERSION = 1.0;
				PRODUCT_BUNDLE_IDENTIFIER = "webview.Olive-Tree";
				PRODUCT_NAME = "$(TARGET_NAME)";
				SWIFT_EMIT_LOC_STRINGS = YES;
				SWIFT_VERSION = 5.0;
				TARGETED_DEVICE_FAMILY = "1,2";
			};
			name = Release;
		};
		233873A72B27C87700736A45 /* Debug */ = {
			isa = XCBuildConfiguration;
			buildSettings = {
				ALWAYS_EMBED_SWIFT_STANDARD_LIBRARIES = YES;
				BUNDLE_LOADER = "$(TEST_HOST)";
				CODE_SIGN_STYLE = Automatic;
				CURRENT_PROJECT_VERSION = 1;
				GENERATE_INFOPLIST_FILE = YES;
				IPHONEOS_DEPLOYMENT_TARGET = 17.0;
				MARKETING_VERSION = 1.0;
				PRODUCT_BUNDLE_IDENTIFIER = "webview.Olive-TreeTests";
				PRODUCT_NAME = "$(TARGET_NAME)";
				SWIFT_EMIT_LOC_STRINGS = NO;
				SWIFT_VERSION = 5.0;
				TARGETED_DEVICE_FAMILY = "1,2";
				TEST_HOST = "$(BUILT_PRODUCTS_DIR)/Olive Tree.app/$(BUNDLE_EXECUTABLE_FOLDER_PATH)/Olive Tree";
			};
			name = Debug;
		};
		233873A82B27C87700736A45 /* Release */ = {
			isa = XCBuildConfiguration;
			buildSettings = {
				ALWAYS_EMBED_SWIFT_STANDARD_LIBRARIES = YES;
				BUNDLE_LOADER = "$(TEST_HOST)";
				CODE_SIGN_STYLE = Automatic;
				CURRENT_PROJECT_VERSION = 1;
				GENERATE_INFOPLIST_FILE = YES;
				IPHONEOS_DEPLOYMENT_TARGET = 17.0;
				MARKETING_VERSION = 1.0;
				PRODUCT_BUNDLE_IDENTIFIER = "webview.Olive-TreeTests";
				PRODUCT_NAME = "$(TARGET_NAME)";
				SWIFT_EMIT_LOC_STRINGS = NO;
				SWIFT_VERSION = 5.0;
				TARGETED_DEVICE_FAMILY = "1,2";
				TEST_HOST = "$(BUILT_PRODUCTS_DIR)/Olive Tree.app/$(BUNDLE_EXECUTABLE_FOLDER_PATH)/Olive Tree";
			};
			name = Release;
		};
		233873AA2B27C87700736A45 /* Debug */ = {
			isa = XCBuildConfiguration;
			buildSettings = {
				ALWAYS_EMBED_SWIFT_STANDARD_LIBRARIES = YES;
				CODE_SIGN_STYLE = Automatic;
				CURRENT_PROJECT_VERSION = 1;
				GENERATE_INFOPLIST_FILE = YES;
				MARKETING_VERSION = 1.0;
				PRODUCT_BUNDLE_IDENTIFIER = "webview.Olive-TreeUITests";
				PRODUCT_NAME = "$(TARGET_NAME)";
				SWIFT_EMIT_LOC_STRINGS = NO;
				SWIFT_VERSION = 5.0;
				TARGETED_DEVICE_FAMILY = "1,2";
				TEST_TARGET_NAME = "Olive Tree";
			};
			name = Debug;
		};
		233873AB2B27C87700736A45 /* Release */ = {
			isa = XCBuildConfiguration;
			buildSettings = {
				ALWAYS_EMBED_SWIFT_STANDARD_LIBRARIES = YES;
				CODE_SIGN_STYLE = Automatic;
				CURRENT_PROJECT_VERSION = 1;
				GENERATE_INFOPLIST_FILE = YES;
				MARKETING_VERSION = 1.0;
				PRODUCT_BUNDLE_IDENTIFIER = "webview.Olive-TreeUITests";
				PRODUCT_NAME = "$(TARGET_NAME)";
				SWIFT_EMIT_LOC_STRINGS = NO;
				SWIFT_VERSION = 5.0;
				TARGETED_DEVICE_FAMILY = "1,2";
				TEST_TARGET_NAME = "Olive Tree";
			};
			name = Release;
		};
/* End XCBuildConfiguration section */

/* Begin XCConfigurationList section */
		2338737A2B27C87500736A45 /* Build configuration list for PBXProject "Olive Tree" */ = {
			isa = XCConfigurationList;
			buildConfigurations = (
				233873A12B27C87700736A45 /* Debug */,
				233873A22B27C87700736A45 /* Release */,
			);
			defaultConfigurationIsVisible = 0;
			defaultConfigurationName = Release;
		};
		233873A32B27C87700736A45 /* Build configuration list for PBXNativeTarget "Olive Tree" */ = {
			isa = XCConfigurationList;
			buildConfigurations = (
				233873A42B27C87700736A45 /* Debug */,
				233873A52B27C87700736A45 /* Release */,
			);
			defaultConfigurationIsVisible = 0;
			defaultConfigurationName = Release;
		};
		233873A62B27C87700736A45 /* Build configuration list for PBXNativeTarget "Olive TreeTests" */ = {
			isa = XCConfigurationList;
			buildConfigurations = (
				233873A72B27C87700736A45 /* Debug */,
				233873A82B27C87700736A45 /* Release */,
			);
			defaultConfigurationIsVisible = 0;
			defaultConfigurationName = Release;
		};
		233873A92B27C87700736A45 /* Build configuration list for PBXNativeTarget "Olive TreeUITests" */ = {
			isa = XCConfigurationList;
			buildConfigurations = (
				233873AA2B27C87700736A45 /* Debug */,
				233873AB2B27C87700736A45 /* Release */,
			);
			defaultConfigurationIsVisible = 0;
			defaultConfigurationName = Release;
		};
/* End XCConfigurationList section */
	};
	rootObject = 233873772B27C87500736A45 /* Project object */;
}
